Microsoft Visual Studio Solution File, Format Version 12.00
# Visual Studio Version 17
VisualStudioVersion = 17.5.2.0
MinimumVisualStudioVersion = 10.0.40219.1
Project("{FAE04EC0-301F-11D3-BF4B-00C04F79EFBC}") = "MudServer", "MudServer.csproj", "{329C7505-AA5D-2C7C-61E6-1EBFA88DD249}"
EndProject
Global
	GlobalSection(SolutionConfigurationPlatforms) = preSolution
		Debug|Any CPU = Debug|Any CPU
		Release|Any CPU = Release|Any CPU
	EndGlobalSection
	GlobalSection(ProjectConfigurationPlatforms) = postSolution
		{329C7505-AA5D-2C7C-61E6-1EBFA88DD249}.Debug|Any CPU.ActiveCfg = Debug|Any CPU
		{329C7505-AA5D-2C7C-61E6-1EBFA88DD249}.Debug|Any CPU.Build.0 = Debug|Any CPU
		{329C7505-AA5D-2C7C-61E6-1EBFA88DD249}.Release|Any CPU.ActiveCfg = Release|Any CPU
		{329C7505-AA5D-2C7C-61E6-1EBFA88DD249}.Release|Any CPU.Build.0 = Release|Any CPU
	EndGlobalSection
	GlobalSection(SolutionProperties) = preSolution
		HideSolutionNode = FALSE
	EndGlobalSection
	GlobalSection(ExtensibilityGlobals) = postSolution
		SolutionGuid = {D4AEE6C2-0E3C-4BAA-B102-2E0F93F5346D}
	EndGlobalSection
EndGlobal
